Microsoft Visual Studio Solution File, Format Version 12.00
# Visual Studio Version 17
VisualStudioVersion = 17.5.2.0
MinimumVisualStudioVersion = 10.0.40219.1
Project("{FAE04EC0-301F-11D3-BF4B-00C04F79EFBC}") = "ASG.Api", "ASG.Api\ASG.Api.csproj", "{3DC804E7-6696-4F9C-9C59-CC2AB6A0E737}"
EndProject
Global
	GlobalSection(SolutionConfigurationPlatforms) = preSolution
		Debug|Any CPU = Debug|Any CPU
		Release|Any CPU = Release|Any CPU
	EndGlobalSection
	GlobalSection(ProjectConfigurationPlatforms) = postSolution
		{3DC804E7-6696-4F9C-9C59-CC2AB6A0E737}.Debug|Any CPU.ActiveCfg = Debug|Any CPU
		{3DC804E7-6696-4F9C-9C59-CC2AB6A0E737}.Debug|Any CPU.Build.0 = Debug|Any CPU
		{3DC804E7-6696-4F9C-9C59-CC2AB6A0E737}.Release|Any CPU.ActiveCfg = Release|Any CPU
		{3DC804E7-6696-4F9C-9C59-CC2AB6A0E737}.Release|Any CPU.Build.0 = Release|Any CPU
	EndGlobalSection
	GlobalSection(SolutionProperties) = preSolution
		HideSolutionNode = FALSE
	EndGlobalSection
	GlobalSection(ExtensibilityGlobals) = postSolution
		SolutionGuid = {A01EA735-6282-490C-A329-F2C9279A31AF}
	EndGlobalSection
EndGlobal
